// !$*UTF8*$!
{
	archiveVersion = 1;
	classes = {
	};
	objectVersion = 56;
	objects = {

/* Begin PBXBuildFile section */
		63637B9A2A7CD21400ECD236 /* AppDelegate.swift in Sources */ = {isa = PBXBuildFile; fileRef = 63637B992A7CD21400ECD236 /* AppDelegate.swift */; };
		63637B9C2A7CD21400ECD236 /* SceneDelegate.swift in Sources */ = {isa = PBXBuildFile; fileRef = 63637B9B2A7CD21400ECD236 /* SceneDelegate.swift */; };
		63637BA12A7CD21400ECD236 /* Main.storyboard in Resources */ = {isa = PBXBuildFile; fileRef = 63637B9F2A7CD21400ECD236 /* Main.storyboard */; };
		63637BA32A7CD21400ECD236 /* Assets.xcassets in Resources */ = {isa = PBXBuildFile; fileRef = 63637BA22A7CD21400ECD236 /* Assets.xcassets */; };
		63637BA62A7CD21400ECD236 /* LaunchScreen.storyboard in Resources */ = {isa = PBXBuildFile; fileRef = 63637BA42A7CD21400ECD236 /* LaunchScreen.storyboard */; };
		63DBD7ED2A7CDCD900408544 /* IconResource.swift in Sources */ = {isa = PBXBuildFile; fileRef = 63DBD7EC2A7CDCD900408544 /* IconResource.swift */; };
		63DBD7EF2A7CE01600408544 /* DamaResources.swift in Sources */ = {isa = PBXBuildFile; fileRef = 63DBD7EE2A7CE01600408544 /* DamaResources.swift */; };
		63DBD7F22A7CE08400408544 /* DamaModel.swift in Sources */ = {isa = PBXBuildFile; fileRef = 63DBD7F12A7CE08400408544 /* DamaModel.swift */; };
		63DBD7F42A7CE1C100408544 /* UserModel.swift in Sources */ = {isa = PBXBuildFile; fileRef = 63DBD7F32A7CE1C100408544 /* UserModel.swift */; };
		63DBD7F62A7CEC8700408544 /* ColorResources.swift in Sources */ = {isa = PBXBuildFile; fileRef = 63DBD7F52A7CEC8700408544 /* ColorResources.swift */; };
		63DBD7F92A7CEEB500408544 /* SelectVC.swift in Sources */ = {isa = PBXBuildFile; fileRef = 63DBD7F82A7CEEB500408544 /* SelectVC.swift */; };
		63DBD7FF2A7CEF0900408544 /* SelectItemCell.swift in Sources */ = {isa = PBXBuildFile; fileRef = 63DBD7FD2A7CEF0900408544 /* SelectItemCell.swift */; };
		63DBD8002A7CEF0900408544 /* SelectItemCell.xib in Resources */ = {isa = PBXBuildFile; fileRef = 63DBD7FE2A7CEF0900408544 /* SelectItemCell.xib */; };
		63DBD8022A7CF53100408544 /* Messages.swift in Sources */ = {isa = PBXBuildFile; fileRef = 63DBD8012A7CF53100408544 /* Messages.swift */; };
		63DBD8052A7D055100408544 /* MainVC.swift in Sources */ = {isa = PBXBuildFile; fileRef = 63DBD8042A7D055100408544 /* MainVC.swift */; };
		63DBD8082A7D0ADA00408544 /* CollectionViewExtension.swift in Sources */ = {isa = PBXBuildFile; fileRef = 63DBD8072A7D0ADA00408544 /* CollectionViewExtension.swift */; };
/* End PBXBuildFile section */

/* Begin PBXFileReference section */
		63637B962A7CD21400ECD236 /* Tamagotchi.app */ = {isa = PBXFileReference; explicitFileType = wrapper.application; includeInIndex = 0; path = Tamagotchi.app; sourceTree = BUILT_PRODUCTS_DIR; };
		63637B992A7CD21400ECD236 /* AppDelegate.swift */ = {isa = PBXFileReference; lastKnownFileType = sourcecode.swift; path = AppDelegate.swift; sourceTree = "<group>"; };
		63637B9B2A7CD21400ECD236 /* SceneDelegate.swift */ = {isa = PBXFileReference; lastKnownFileType = sourcecode.swift; path = SceneDelegate.swift; sourceTree = "<group>"; };
		63637BA02A7CD21400ECD236 /* Base */ = {isa = PBXFileReference; lastKnownFileType = file.storyboard; name = Base; path = Base.lproj/Main.storyboard; sourceTree = "<group>"; };
		63637BA22A7CD21400ECD236 /* Assets.xcassets */ = {isa = PBXFileReference; lastKnownFileType = folder.assetcatalog; path = Assets.xcassets; sourceTree = "<group>"; };
		63637BA52A7CD21400ECD236 /* Base */ = {isa = PBXFileReference; lastKnownFileType = file.storyboard; name = Base; path = Base.lproj/LaunchScreen.storyboard; sourceTree = "<group>"; };
		63637BA72A7CD21400ECD236 /* Info.plist */ = {isa = PBXFileReference; lastKnownFileType = text.plist.xml; path = Info.plist; sourceTree = "<group>"; };
		63DBD7EC2A7CDCD900408544 /* IconResource.swift */ = {isa = PBXFileReference; lastKnownFileType = sourcecode.swift; path = IconResource.swift; sourceTree = "<group>"; };
		63DBD7EE2A7CE01600408544 /* DamaResources.swift */ = {isa = PBXFileReference; lastKnownFileType = sourcecode.swift; path = DamaResources.swift; sourceTree = "<group>"; };
		63DBD7F12A7CE08400408544 /* DamaModel.swift */ = {isa = PBXFileReference; lastKnownFileType = sourcecode.swift; path = DamaModel.swift; sourceTree = "<group>"; };
		63DBD7F32A7CE1C100408544 /* UserModel.swift */ = {isa = PBXFileReference; lastKnownFileType = sourcecode.swift; path = UserModel.swift; sourceTree = "<group>"; };
		63DBD7F52A7CEC8700408544 /* ColorResources.swift */ = {isa = PBXFileReference; lastKnownFileType = sourcecode.swift; path = ColorResources.swift; sourceTree = "<group>"; };
		63DBD7F82A7CEEB500408544 /* SelectVC.swift */ = {isa = PBXFileReference; lastKnownFileType = sourcecode.swift; path = SelectVC.swift; sourceTree = "<group>"; };
		63DBD7FD2A7CEF0900408544 /* SelectItemCell.swift */ = {isa = PBXFileReference; lastKnownFileType = sourcecode.swift; path = SelectItemCell.swift; sourceTree = "<group>"; };
		63DBD7FE2A7CEF0900408544 /* SelectItemCell.xib */ = {isa = PBXFileReference; lastKnownFileType = file.xib; path = SelectItemCell.xib; sourceTree = "<group>"; };
		63DBD8012A7CF53100408544 /* Messages.swift */ = {isa = PBXFileReference; lastKnownFileType = sourcecode.swift; path = Messages.swift; sourceTree = "<group>"; };
		63DBD8042A7D055100408544 /* MainVC.swift */ = {isa = PBXFileReference; lastKnownFileType = sourcecode.swift; path = MainVC.swift; sourceTree = "<group>"; };
		63DBD8072A7D0ADA00408544 /* CollectionViewExtension.swift */ = {isa = PBXFileReference; lastKnownFileType = sourcecode.swift; path = CollectionViewExtension.swift; sourceTree = "<group>"; };
/* End PBXFileReference section */

/* Begin PBXFrameworksBuildPhase section */
		63637B932A7CD21400ECD236 /* Frameworks */ = {
			isa = PBXFrameworksBuildPhase;
			buildActionMask = 2147483647;
			files = (
			);
			runOnlyForDeploymentPostprocessing = 0;
		};
/* End PBXFrameworksBuildPhase section */

/* Begin PBXGroup section */
		63637B8D2A7CD21300ECD236 = {
			isa = PBXGroup;
			children = (
				63637B982A7CD21400ECD236 /* Tamagotchi */,
				63637B972A7CD21400ECD236 /* Products */,
			);
			sourceTree = "<group>";
		};
		63637B972A7CD21400ECD236 /* Products */ = {
			isa = PBXGroup;
			children = (
				63637B962A7CD21400ECD236 /* Tamagotchi.app */,
			);
			name = Products;
			sourceTree = "<group>";
		};
		63637B982A7CD21400ECD236 /* Tamagotchi */ = {
			isa = PBXGroup;
			children = (
				63DBD8062A7D0AC500408544 /* Extensions */,
				63DBD7FB2A7CEEE100408544 /* View */,
				63DBD7F72A7CEE9600408544 /* VC */,
				63DBD7F02A7CE05A00408544 /* Model */,
				63DBD7EB2A7CDB3400408544 /* ResourcesHelper */,
				63637B992A7CD21400ECD236 /* AppDelegate.swift */,
				63637B9B2A7CD21400ECD236 /* SceneDelegate.swift */,
				63637BA22A7CD21400ECD236 /* Assets.xcassets */,
				63637BA42A7CD21400ECD236 /* LaunchScreen.storyboard */,
				63637BA72A7CD21400ECD236 /* Info.plist */,
			);
			path = Tamagotchi;
			sourceTree = "<group>";
		};
		63DBD7EB2A7CDB3400408544 /* ResourcesHelper */ = {
			isa = PBXGroup;
			children = (
				63DBD7EC2A7CDCD900408544 /* IconResource.swift */,
				63DBD7EE2A7CE01600408544 /* DamaResources.swift */,
				63DBD7F52A7CEC8700408544 /* ColorResources.swift */,
			);
			path = ResourcesHelper;
			sourceTree = "<group>";
		};
		63DBD7F02A7CE05A00408544 /* Model */ = {
			isa = PBXGroup;
			children = (
				63DBD7F12A7CE08400408544 /* DamaModel.swift */,
				63DBD7F32A7CE1C100408544 /* UserModel.swift */,
				63DBD8012A7CF53100408544 /* Messages.swift */,
			);
			path = Model;
			sourceTree = "<group>";
		};
		63DBD7F72A7CEE9600408544 /* VC */ = {
			isa = PBXGroup;
			children = (
				63DBD8032A7D054B00408544 /* Main */,
				63DBD7FA2A7CEEB900408544 /* Select */,
			);
			path = VC;
			sourceTree = "<group>";
		};
		63DBD7FA2A7CEEB900408544 /* Select */ = {
			isa = PBXGroup;
			children = (
				63DBD7FD2A7CEF0900408544 /* SelectItemCell.swift */,
				63DBD7F82A7CEEB500408544 /* SelectVC.swift */,
			);
			path = Select;
			sourceTree = "<group>";
		};
		63DBD7FB2A7CEEE100408544 /* View */ = {
			isa = PBXGroup;
			children = (
				63637B9F2A7CD21400ECD236 /* Main.storyboard */,
				63DBD7FC2A7CEEEC00408544 /* Select */,
			);
			path = View;
			sourceTree = "<group>";
		};
		63DBD7FC2A7CEEEC00408544 /* Select */ = {
			isa = PBXGroup;
			children = (
				63DBD7FE2A7CEF0900408544 /* SelectItemCell.xib */,
			);
			path = Select;
			sourceTree = "<group>";
		};
		63DBD8032A7D054B00408544 /* Main */ = {
			isa = PBXGroup;
			children = (
				63DBD8042A7D055100408544 /* MainVC.swift */,
			);
			path = Main;
			sourceTree = "<group>";
		};
		63DBD8062A7D0AC500408544 /* Extensions */ = {
			isa = PBXGroup;
			children = (
				63DBD8072A7D0ADA00408544 /* CollectionViewExtension.swift */,
			);
			path = Extensions;
			sourceTree = "<group>";
		};
/* End PBXGroup section */

/* Begin PBXNativeTarget section */
		63637B952A7CD21400ECD236 /* Tamagotchi */ = {
			isa = PBXNativeTarget;
			buildConfigurationList = 63637BAA2A7CD21400ECD236 /* Build configuration list for PBXNativeTarget "Tamagotchi" */;
			buildPhases = (
				63637B922A7CD21400ECD236 /* Sources */,
				63637B932A7CD21400ECD236 /* Frameworks */,
				63637B942A7CD21400ECD236 /* Resources */,
			);
			buildRules = (
			);
			dependencies = (
			);
			name = Tamagotchi;
			productName = Tamagotchi;
			productReference = 63637B962A7CD21400ECD236 /* Tamagotchi.app */;
			productType = "com.apple.product-type.application";
		};
/* End PBXNativeTarget section */

/* Begin PBXProject section */
		63637B8E2A7CD21300ECD236 /* Project object */ = {
			isa = PBXProject;
			attributes = {
				BuildIndependentTargetsInParallel = 1;
				LastSwiftUpdateCheck = 1430;
				LastUpgradeCheck = 1430;
				TargetAttributes = {
					63637B952A7CD21400ECD236 = {
						CreatedOnToolsVersion = 14.3.1;
					};
				};
			};
			buildConfigurationList = 63637B912A7CD21300ECD236 /* Build configuration list for PBXProject "Tamagotchi" */;
			compatibilityVersion = "Xcode 14.0";
			developmentRegion = en;
			hasScannedForEncodings = 0;
			knownRegions = (
				en,
				Base,
			);
			mainGroup = 63637B8D2A7CD21300ECD236;
			productRefGroup = 63637B972A7CD21400ECD236 /* Products */;
			projectDirPath = "";
			projectRoot = "";
			targets = (
				63637B952A7CD21400ECD236 /* Tamagotchi */,
			);
		};
/* End PBXProject section */

/* Begin PBXResourcesBuildPhase section */
		63637B942A7CD21400ECD236 /* Resources */ = {
			isa = PBXResourcesBuildPhase;
			buildActionMask = 2147483647;
			files = (
				63637BA62A7CD21400ECD236 /* LaunchScreen.storyboard in Resources */,
				63637BA32A7CD21400ECD236 /* Assets.xcassets in Resources */,
				63DBD8002A7CEF0900408544 /* SelectItemCell.xib in Resources */,
				63637BA12A7CD21400ECD236 /* Main.storyboard in Resources */,
			);
			runOnlyForDeploymentPostprocessing = 0;
		};
/* End PBXResourcesBuildPhase section */

/* Begin PBXSourcesBuildPhase section */
		63637B922A7CD21400ECD236 /* Sources */ = {
			isa = PBXSourcesBuildPhase;
			buildActionMask = 2147483647;
			files = (
				63DBD7EF2A7CE01600408544 /* DamaResources.swift in Sources */,
				63DBD8052A7D055100408544 /* MainVC.swift in Sources */,
				63DBD7F62A7CEC8700408544 /* ColorResources.swift in Sources */,
				63DBD7F42A7CE1C100408544 /* UserModel.swift in Sources */,
				63DBD8082A7D0ADA00408544 /* CollectionViewExtension.swift in Sources */,
				63DBD7FF2A7CEF0900408544 /* SelectItemCell.swift in Sources */,
				63DBD7F92A7CEEB500408544 /* SelectVC.swift in Sources */,
				63637B9A2A7CD21400ECD236 /* AppDelegate.swift in Sources */,
				63DBD7ED2A7CDCD900408544 /* IconResource.swift in Sources */,
				63DBD7F22A7CE08400408544 /* DamaModel.swift in Sources */,
				63DBD8022A7CF53100408544 /* Messages.swift in Sources */,
				63637B9C2A7CD21400ECD236 /* SceneDelegate.swift in Sources */,
			);
			runOnlyForDeploymentPostprocessing = 0;
		};
/* End PBXSourcesBuildPhase section */

/* Begin PBXVariantGroup section */
		63637B9F2A7CD21400ECD236 /* Main.storyboard */ = {
			isa = PBXVariantGroup;
			children = (
				63637BA02A7CD21400ECD236 /* Base */,
			);
			name = Main.storyboard;
			sourceTree = "<group>";
		};
		63637BA42A7CD21400ECD236 /* LaunchScreen.storyboard */ = {
			isa = PBXVariantGroup;
			children = (
				63637BA52A7CD21400ECD236 /* Base */,
			);
			name = LaunchScreen.storyboard;
			sourceTree = "<group>";
		};
/* End PBXVariantGroup section */

/* Begin XCBuildConfiguration section */
		63637BA82A7CD21400ECD236 /* Debug */ = {
			isa = XCBuildConfiguration;
			buildSettings = {
				ALWAYS_SEARCH_USER_PATHS = NO;
				CLANG_ANALYZER_NONNULL = YES;
				CLANG_ANALYZER_NUMBER_OBJECT_CONVERSION = YES_AGGRESSIVE;
				CLANG_CXX_LANGUAGE_STANDARD = "gnu++20";
				CLANG_ENABLE_MODULES = YES;
				CLANG_ENABLE_OBJC_ARC = YES;
				CLANG_ENABLE_OBJC_WEAK = YES;
				CLANG_WARN_BLOCK_CAPTURE_AUTORELEASING = YES;
				CLANG_WARN_BOOL_CONVERSION = YES;
				CLANG_WARN_COMMA = YES;
				CLANG_WARN_CONSTANT_CONVERSION = YES;
				CLANG_WARN_DEPRECATED_OBJC_IMPLEMENTATIONS = YES;
				CLANG_WARN_DIRECT_OBJC_ISA_USAGE = YES_ERROR;
				CLANG_WARN_DOCUMENTATION_COMMENTS = YES;
				CLANG_WARN_EMPTY_BODY = YES;
				CLANG_WARN_ENUM_CONVERSION = YES;
				CLANG_WARN_INFINITE_RECURSION = YES;
				CLANG_WARN_INT_CONVERSION = YES;
				CLANG_WARN_NON_LITERAL_NULL_CONVERSION = YES;
				CLANG_WARN_OBJC_IMPLICIT_RETAIN_SELF = YES;
				CLANG_WARN_OBJC_LITERAL_CONVERSION = YES;
				CLANG_WARN_OBJC_ROOT_CLASS = YES_ERROR;
				CLANG_WARN_QUOTED_INCLUDE_IN_FRAMEWORK_HEADER = YES;
				CLANG_WARN_RANGE_LOOP_ANALYSIS = YES;
				CLANG_WARN_STRICT_PROTOTYPES = YES;
				CLANG_WARN_SUSPICIOUS_MOVE = YES;
				CLANG_WARN_UNGUARDED_AVAILABILITY = YES_AGGRESSIVE;
				CLANG_WARN_UNREACHABLE_CODE = YES;
				CLANG_WARN__DUPLICATE_METHOD_MATCH = YES;
				COPY_PHASE_STRIP = NO;
				DEBUG_INFORMATION_FORMAT = dwarf;
				ENABLE_STRICT_OBJC_MSGSEND = YES;
				ENABLE_TESTABILITY = YES;
				GCC_C_LANGUAGE_STANDARD = gnu11;
				GCC_DYNAMIC_NO_PIC = NO;
				GCC_NO_COMMON_BLOCKS = YES;
				GCC_OPTIMIZATION_LEVEL = 0;
				GCC_PREPROCESSOR_DEFINITIONS = (
					"DEBUG=1",
					"$(inherited)",
				);
				GCC_WARN_64_TO_32_BIT_CONVERSION = YES;
				GCC_WARN_ABOUT_RETURN_TYPE = YES_ERROR;
				GCC_WARN_UNDECLARED_SELECTOR = YES;
				GCC_WARN_UNINITIALIZED_AUTOS = YES_AGGRESSIVE;
				GCC_WARN_UNUSED_FUNCTION = YES;
				GCC_WARN_UNUSED_VARIABLE = YES;
				IPHONEOS_DEPLOYMENT_TARGET = 16.4;
				MTL_ENABLE_DEBUG_INFO = INCLUDE_SOURCE;
				MTL_FAST_MATH = YES;
				ONLY_ACTIVE_ARCH = YES;
				SDKROOT = iphoneos;
				SWIFT_ACTIVE_COMPILATION_CONDITIONS = DEBUG;
				SWIFT_OPTIMIZATION_LEVEL = "-Onone";
			};
			name = Debug;
		};
		63637BA92A7CD21400ECD236 /* Release */ = {
			isa = XCBuildConfiguration;
			buildSettings = {
				ALWAYS_SEARCH_USER_PATHS = NO;
				CLANG_ANALYZER_NONNULL = YES;
				CLANG_ANALYZER_NUMBER_OBJECT_CONVERSION = YES_AGGRESSIVE;
				CLANG_CXX_LANGUAGE_STANDARD = "gnu++20";
				CLANG_ENABLE_MODULES = YES;
				CLANG_ENABLE_OBJC_ARC = YES;
				CLANG_ENABLE_OBJC_WEAK = YES;
				CLANG_WARN_BLOCK_CAPTURE_AUTORELEASING = YES;
				CLANG_WARN_BOOL_CONVERSION = YES;
				CLANG_WARN_COMMA = YES;
				CLANG_WARN_CONSTANT_CONVERSION = YES;
				CLANG_WARN_DEPRECATED_OBJC_IMPLEMENTATIONS = YES;
				CLANG_WARN_DIRECT_OBJC_ISA_USAGE = YES_ERROR;
				CLANG_WARN_DOCUMENTATION_COMMENTS = YES;
				CLANG_WARN_EMPTY_BODY = YES;
				CLANG_WARN_ENUM_CONVERSION = YES;
				CLANG_WARN_INFINITE_RECURSION = YES;
				CLANG_WARN_INT_CONVERSION = YES;
				CLANG_WARN_NON_LITERAL_NULL_CONVERSION = YES;
				CLANG_WARN_OBJC_IMPLICIT_RETAIN_SELF = YES;
				CLANG_WARN_OBJC_LITERAL_CONVERSION = YES;
				CLANG_WARN_OBJC_ROOT_CLASS = YES_ERROR;
				CLANG_WARN_QUOTED_INCLUDE_IN_FRAMEWORK_HEADER = YES;
				CLANG_WARN_RANGE_LOOP_ANALYSIS = YES;
				CLANG_WARN_STRICT_PROTOTYPES = YES;
				CLANG_WARN_SUSPICIOUS_MOVE = YES;
				CLANG_WARN_UNGUARDED_AVAILABILITY = YES_AGGRESSIVE;
				CLANG_WARN_UNREACHABLE_CODE = YES;
				CLANG_WARN__DUPLICATE_METHOD_MATCH = YES;
				COPY_PHASE_STRIP = NO;
				DEBUG_INFORMATION_FORMAT = "dwarf-with-dsym";
				ENABLE_NS_ASSERTIONS = NO;
				ENABLE_STRICT_OBJC_MSGSEND = YES;
				GCC_C_LANGUAGE_STANDARD = gnu11;
				GCC_NO_COMMON_BLOCKS = YES;
				GCC_WARN_64_TO_32_BIT_CONVERSION = YES;
				GCC_WARN_ABOUT_RETURN_TYPE = YES_ERROR;
				GCC_WARN_UNDECLARED_SELECTOR = YES;
				GCC_WARN_UNINITIALIZED_AUTOS = YES_AGGRESSIVE;
				GCC_WARN_UNUSED_FUNCTION = YES;
				GCC_WARN_UNUSED_VARIABLE = YES;
				IPHONEOS_DEPLOYMENT_TARGET = 16.4;
				MTL_ENABLE_DEBUG_INFO = NO;
				MTL_FAST_MATH = YES;
				SDKROOT = iphoneos;
				SWIFT_COMPILATION_MODE = wholemodule;
				SWIFT_OPTIMIZATION_LEVEL = "-O";
				VALIDATE_PRODUCT = YES;
			};
			name = Release;
		};
		63637BAB2A7CD21400ECD236 /* Debug */ = {
			isa = XCBuildConfiguration;
			buildSettings = {
				ASSETCATALOG_COMPILER_APPICON_NAME = AppIcon;
				ASSETCATALOG_COMPILER_GLOBAL_ACCENT_COLOR_NAME = AccentColor;
				CODE_SIGN_STYLE = Automatic;
				CURRENT_PROJECT_VERSION = 1;
				DEVELOPMENT_TEAM = 3W9F68ZTUJ;
				GENERATE_INFOPLIST_FILE = YES;
				INFOPLIST_FILE = Tamagotchi/Info.plist;
				INFOPLIST_KEY_UIApplicationSupportsIndirectInputEvents = YES;
				INFOPLIST_KEY_UILaunchStoryboardName = LaunchScreen;
				INFOPLIST_KEY_UIMainStoryboardFile = Main;
				INFOPLIST_KEY_UISupportedInterfaceOrientations = UIInterfaceOrientationPortrait;
				INFOPLIST_KEY_UISupportedInterfaceOrientations_iPad = "UIInterfaceOrientationLandscapeLeft UIInterfaceOrientationLandscapeRight UIInterfaceOrientationPortrait UIInterfaceOrientationPortraitUpsideDown";
				IPHONEOS_DEPLOYMENT_TARGET = 15.0;
				LD_RUNPATH_SEARCH_PATHS = (
					"$(inherited)",
					"@executable_path/Frameworks",
				);
				MARKETING_VERSION = 1.0;
				PRODUCT_BUNDLE_IDENTIFIER = ii.Tamagotchi;
				PRODUCT_NAME = "$(TARGET_NAME)";
				SUPPORTED_PLATFORMS = "iphoneos iphonesimulator";
				SUPPORTS_MACCATALYST = NO;
				SUPPORTS_MAC_DESIGNED_FOR_IPHONE_IPAD = NO;
				SWIFT_EMIT_LOC_STRINGS = YES;
				SWIFT_VERSION = 5.0;
				TARGETED_DEVICE_FAMILY = 1;
			};
			name = Debug;
		};
		63637BAC2A7CD21400ECD236 /* Release */ = {
			isa = XCBuildConfiguration;
			buildSettings = {
				ASSETCATALOG_COMPILER_APPICON_NAME = AppIcon;
				ASSETCATALOG_COMPILER_GLOBAL_ACCENT_COLOR_NAME = AccentColor;
				CODE_SIGN_STYLE = Automatic;
				CURRENT_PROJECT_VERSION = 1;
				DEVELOPMENT_TEAM = 3W9F68ZTUJ;
				GENERATE_INFOPLIST_FILE = YES;
				INFOPLIST_FILE = Tamagotchi/Info.plist;
				INFOPLIST_KEY_UIApplicationSupportsIndirectInputEvents = YES;
				INFOPLIST_KEY_UILaunchStoryboardName = LaunchScreen;
				INFOPLIST_KEY_UIMainStoryboardFile = Main;
				INFOPLIST_KEY_UISupportedInterfaceOrientations = UIInterfaceOrientationPortrait;
				INFOPLIST_KEY_UISupportedInterfaceOrientations_iPad = "UIInterfaceOrientationLandscapeLeft UIInterfaceOrientationLandscapeRight UIInterfaceOrientationPortrait UIInterfaceOrientationPortraitUpsideDown";
				IPHONEOS_DEPLOYMENT_TARGET = 15.0;
				LD_RUNPATH_SEARCH_PATHS = (
					"$(inherited)",
					"@executable_path/Frameworks",
				);
				MARKETING_VERSION = 1.0;
				PRODUCT_BUNDLE_IDENTIFIER = ii.Tamagotchi;
				PRODUCT_NAME = "$(TARGET_NAME)";
				SUPPORTED_PLATFORMS = "iphoneos iphonesimulator";
				SUPPORTS_MACCATALYST = NO;
				SUPPORTS_MAC_DESIGNED_FOR_IPHONE_IPAD = NO;
				SWIFT_EMIT_LOC_STRINGS = YES;
				SWIFT_VERSION = 5.0;
				TARGETED_DEVICE_FAMILY = 1;
			};
			name = Release;
		};
/* End XCBuildConfiguration section */

/* Begin XCConfigurationList section */
		63637B912A7CD21300ECD236 /* Build configuration list for PBXProject "Tamagotchi" */ = {
			isa = XCConfigurationList;
			buildConfigurations = (
				63637BA82A7CD21400ECD236 /* Debug */,
				63637BA92A7CD21400ECD236 /* Release */,
			);
			defaultConfigurationIsVisible = 0;
			defaultConfigurationName = Release;
		};
		63637BAA2A7CD21400ECD236 /* Build configuration list for PBXNativeTarget "Tamagotchi" */ = {
			isa = XCConfigurationList;
			buildConfigurations = (
				63637BAB2A7CD21400ECD236 /* Debug */,
				63637BAC2A7CD21400ECD236 /* Release */,
			);
			defaultConfigurationIsVisible = 0;
			defaultConfigurationName = Release;
		};
/* End XCConfigurationList section */
	};
	rootObject = 63637B8E2A7CD21300ECD236 /* Project object */;
}
